
Microsoft Visual Studio Solution File, Format Version 12.00
Project("{FAE04EC0-301F-11D3-BF4B-00C04F79EFBC}") = "task-2", "task-2.csproj", "{47D06BFF-9785-497A-A1B2-872AA89B567C}"
EndProject
Global
	GlobalSection(SolutionConfigurationPlatforms) = preSolution
		Debug|Any CPU = Debug|Any CPU
		Release|Any CPU = Release|Any CPU
	EndGlobalSection
	GlobalSection(ProjectConfigurationPlatforms) = postSolution
		{47D06BFF-9785-497A-A1B2-872AA89B567C}.Debug|Any CPU.ActiveCfg = Debug|Any CPU
		{47D06BFF-9785-497A-A1B2-872AA89B567C}.Debug|Any CPU.Build.0 = Debug|Any CPU
		{47D06BFF-9785-497A-A1B2-872AA89B567C}.Release|Any CPU.ActiveCfg = Release|Any CPU
		{47D06BFF-9785-497A-A1B2-872AA89B567C}.Release|Any CPU.Build.0 = Release|Any CPU
	EndGlobalSection
EndGlobal
